
Microsoft Visual Studio Solution File, Format Version 12.00
# Visual Studio 2015
Project("{FAE04EC0-301F-11D3-BF4B-00C04F79EFBC}") = "PingThePong.CSharp", "PingThePong.CSharp.csproj", "{61A4045F-F23A-A3A4-08EC-E000E3FE8650}"
EndProject
Global
	GlobalSection(SolutionConfigurationPlatforms) = preSolution
		Debug|Any CPU = Debug|Any CPU
		Release|Any CPU = Release|Any CPU
	EndGlobalSection
	GlobalSection(ProjectConfigurationPlatforms) = postSolution
		{61A4045F-F23A-A3A4-08EC-E000E3FE8650}.Debug|Any CPU.ActiveCfg = Debug|Any CPU
		{61A4045F-F23A-A3A4-08EC-E000E3FE8650}.Debug|Any CPU.Build.0 = Debug|Any CPU
		{61A4045F-F23A-A3A4-08EC-E000E3FE8650}.Release|Any CPU.ActiveCfg = Release|Any CPU
		{61A4045F-F23A-A3A4-08EC-E000E3FE8650}.Release|Any CPU.Build.0 = Release|Any CPU
	EndGlobalSection
	GlobalSection(SolutionProperties) = preSolution
		HideSolutionNode = FALSE
	EndGlobalSection
EndGlobal
